
Microsoft Visual Studio Solution File, Format Version 12.00
# Visual Studio 15
VisualStudioVersion = 15.0.26124.0
MinimumVisualStudioVersion = 15.0.26124.0
Project("{FAE04EC0-301F-11D3-BF4B-00C04F79EFBC}") = "client", "Client\client.csproj", "{D8E2C85C-ECBF-429F-9FC8-789C6E4359EA}"
EndProject
Global
	GlobalSection(SolutionConfigurationPlatforms) = preSolution
		Debug|Any CPU = Debug|Any CPU
		Debug|x64 = Debug|x64
		Debug|x86 = Debug|x86
		Release|Any CPU = Release|Any CPU
		Release|x64 = Release|x64
		Release|x86 = Release|x86
	EndGlobalSection
	GlobalSection(SolutionProperties) = preSolution
		HideSolutionNode = FALSE
	EndGlobalSection
	GlobalSection(ProjectConfigurationPlatforms) = postSolution
		{D8E2C85C-ECBF-429F-9FC8-789C6E4359EA}.Debug|Any CPU.ActiveCfg = Debug|Any CPU
		{D8E2C85C-ECBF-429F-9FC8-789C6E4359EA}.Debug|Any CPU.Build.0 = Debug|Any CPU
		{D8E2C85C-ECBF-429F-9FC8-789C6E4359EA}.Debug|x64.ActiveCfg = Debug|Any CPU
		{D8E2C85C-ECBF-429F-9FC8-789C6E4359EA}.Debug|x64.Build.0 = Debug|Any CPU
		{D8E2C85C-ECBF-429F-9FC8-789C6E4359EA}.Debug|x86.ActiveCfg = Debug|Any CPU
		{D8E2C85C-ECBF-429F-9FC8-789C6E4359EA}.Debug|x86.Build.0 = Debug|Any CPU
		{D8E2C85C-ECBF-429F-9FC8-789C6E4359EA}.Release|Any CPU.ActiveCfg = Release|Any CPU
		{D8E2C85C-ECBF-429F-9FC8-789C6E4359EA}.Release|Any CPU.Build.0 = Release|Any CPU
		{D8E2C85C-ECBF-429F-9FC8-789C6E4359EA}.Release|x64.ActiveCfg = Release|Any CPU
		{D8E2C85C-ECBF-429F-9FC8-789C6E4359EA}.Release|x64.Build.0 = Release|Any CPU
		{D8E2C85C-ECBF-429F-9FC8-789C6E4359EA}.Release|x86.ActiveCfg = Release|Any CPU
		{D8E2C85C-ECBF-429F-9FC8-789C6E4359EA}.Release|x86.Build.0 = Release|Any CPU
	EndGlobalSection
EndGlobal
